
Microsoft Visual Studio Solution File, Format Version 12.00
# Visual Studio Version 16
Project("{2150E333-8FDC-42A3-9474-1A3956D46DE8}") = "CMakePredefinedTargets", "CMakePredefinedTargets", "{C852465D-21EA-305E-9EDE-FB41B4843078}"
EndProject
Project("{2150E333-8FDC-42A3-9474-1A3956D46DE8}") = "GLFW3", "GLFW3", "{93223AF4-6D87-3422-9A0C-0465CC8BE22B}"
EndProject
Project("{2150E333-8FDC-42A3-9474-1A3956D46DE8}") = "Examples", "GLFW3\Examples", "{32048913-26B7-3BC4-A2F0-E8057FDA38C8}"
EndProject
Project("{2150E333-8FDC-42A3-9474-1A3956D46DE8}") = "Tests", "GLFW3\Tests", "{876968FD-5CAE-3825-8D9A-0EA3019E1DBD}"
EndProject
Project("{8BC9CEB8-8B4A-11D0-8D11-00A0C91BC942}") = "assignment", "assignment.vcxproj", "{9927CB15-9C79-3537-90EE-7E70CA28392A}"
	ProjectSection(ProjectDependencies) = postProject
		{209CA680-1ED3-3979-8EBC-EEF83D857FC1} = {209CA680-1ED3-3979-8EBC-EEF83D857FC1}
		{62EB1DE7-401E-34F0-9932-063DFAB9AE70} = {62EB1DE7-401E-34F0-9932-063DFAB9AE70}
	EndProjectSection
EndProject
Project("{8BC9CEB8-8B4A-11D0-8D11-00A0C91BC942}") = "ALL_BUILD", "ALL_BUILD.vcxproj", "{C2B945FC-EE78-3418-908B-85EFC18AB342}"
	ProjectSection(ProjectDependencies) = postProject
		{9927CB15-9C79-3537-90EE-7E70CA28392A} = {9927CB15-9C79-3537-90EE-7E70CA28392A}
		{2143B554-6DD8-3665-8593-A5C693A2B7F3} = {2143B554-6DD8-3665-8593-A5C693A2B7F3}
		{45B8EFBD-D47A-31A7-A3BA-CAADF13D901F} = {45B8EFBD-D47A-31A7-A3BA-CAADF13D901F}
		{3EED3497-EAE8-3B77-BFB1-6343341E801E} = {3EED3497-EAE8-3B77-BFB1-6343341E801E}
		{7D6FCA37-F267-3866-B588-6028A5FA2CF6} = {7D6FCA37-F267-3866-B588-6028A5FA2CF6}
		{25BA83AB-E07B-35C4-A9ED-6C162605DB75} = {25BA83AB-E07B-35C4-A9ED-6C162605DB75}
		{0A1DCAEB-CCF6-3D2D-A274-03DFAA5AACCD} = {0A1DCAEB-CCF6-3D2D-A274-03DFAA5AACCD}
		{DB7E0E3B-4821-3A88-AF66-75688FA296F8} = {DB7E0E3B-4821-3A88-AF66-75688FA296F8}
		{209CA680-1ED3-3979-8EBC-EEF83D857FC1} = {209CA680-1ED3-3979-8EBC-EEF83D857FC1}
		{62EB1DE7-401E-34F0-9932-063DFAB9AE70} = {62EB1DE7-401E-34F0-9932-063DFAB9AE70}
		{46577826-A70B-3B46-BB0B-83EC84476321} = {46577826-A70B-3B46-BB0B-83EC84476321}
		{DF4A3E1A-5DC6-38E3-83E8-21D4C48D680C} = {DF4A3E1A-5DC6-38E3-83E8-21D4C48D680C}
		{17C1DF86-AC45-3AF1-8072-9D491A14A873} = {17C1DF86-AC45-3AF1-8072-9D491A14A873}
		{298080DB-1D6B-32E8-8871-2E53888A0243} = {298080DB-1D6B-32E8-8871-2E53888A0243}
		{69220619-1CB9-3C4D-BC94-F50A5586C8ED} = {69220619-1CB9-3C4D-BC94-F50A5586C8ED}
		{91C3EE6D-F379-3701-9BC8-9518C0756A77} = {91C3EE6D-F379-3701-9BC8-9518C0756A77}
		{F7E9FCF0-1DFE-3139-B7C1-C120F758F71F} = {F7E9FCF0-1DFE-3139-B7C1-C120F758F71F}
		{4350F66C-73DD-3357-A37E-F38A4F6326FF} = {4350F66C-73DD-3357-A37E-F38A4F6326FF}
		{9D85972C-EB41-393B-B60B-833D9880BBE1} = {9D85972C-EB41-393B-B60B-833D9880BBE1}
		{D28CF623-B9C1-39A9-B371-89A7E3290E50} = {D28CF623-B9C1-39A9-B371-89A7E3290E50}
		{97BF62C4-05E6-37A1-A733-1F75E256196A} = {97BF62C4-05E6-37A1-A733-1F75E256196A}
		{02A8AA61-1FF2-3EE3-BBF9-949E1F4AA12E} = {02A8AA61-1FF2-3EE3-BBF9-949E1F4AA12E}
		{78C7D1B6-DAF1-39EA-AD9F-6EBE3B57A7F7} = {78C7D1B6-DAF1-39EA-AD9F-6EBE3B57A7F7}
		{22FA75CD-DB31-3F57-B3B0-96206450A2C5} = {22FA75CD-DB31-3F57-B3B0-96206450A2C5}
		{AED899DA-E5B5-367E-BC16-51FDFBE128C0} = {AED899DA-E5B5-367E-BC16-51FDFBE128C0}
		{AA0A375A-B7A6-3E67-B5AC-570C03FE5A73} = {AA0A375A-B7A6-3E67-B5AC-570C03FE5A73}
		{FE4E0CB5-44C9-3D6B-8334-8099A20ABAF0} = {FE4E0CB5-44C9-3D6B-8334-8099A20ABAF0}
		{98ED4F1D-9631-384A-8A2F-9E5D7F50C4B2} = {98ED4F1D-9631-384A-8A2F-9E5D7F50C4B2}
		{4FFB596A-0505-33C5-9A72-7427CFD0691C} = {4FFB596A-0505-33C5-9A72-7427CFD0691C}
		{0B4BC8FD-9FFD-3FA7-BFA8-77698D128A2C} = {0B4BC8FD-9FFD-3FA7-BFA8-77698D128A2C}
		{DDBF1551-BD19-34E4-B313-1CBDA23C1DBA} = {DDBF1551-BD19-34E4-B313-1CBDA23C1DBA}
		{205D3D07-EDA2-353F-B00A-DEDCB01138A3} = {205D3D07-EDA2-353F-B00A-DEDCB01138A3}
	EndProjectSection
EndProject
Project("{8BC9CEB8-8B4A-11D0-8D11-00A0C91BC942}") = "INSTALL", "INSTALL.vcxproj", "{A8A4B15D-D66A-3B47-9B35-4EDF56AE9175}"
	ProjectSection(ProjectDependencies) = postProject
		{C2B945FC-EE78-3418-908B-85EFC18AB342} = {C2B945FC-EE78-3418-908B-85EFC18AB342}
	EndProjectSection
EndProject
Project("{8BC9CEB8-8B4A-11D0-8D11-00A0C91BC942}") = "boing", "common\glfw-3.3\src\examples\boing.vcxproj", "{2143B554-6DD8-3665-8593-A5C693A2B7F3}"
	ProjectSection(ProjectDependencies) = postProject
		{62EB1DE7-401E-34F0-9932-063DFAB9AE70} = {62EB1DE7-401E-34F0-9932-063DFAB9AE70}
	EndProjectSection
EndProject
Project("{8BC9CEB8-8B4A-11D0-8D11-00A0C91BC942}") = "clipboard", "common\glfw-3.3\src\tests\clipboard.vcxproj", "{45B8EFBD-D47A-31A7-A3BA-CAADF13D901F}"
	ProjectSection(ProjectDependencies) = postProject
		{62EB1DE7-401E-34F0-9932-063DFAB9AE70} = {62EB1DE7-401E-34F0-9932-063DFAB9AE70}
	EndProjectSection
EndProject
Project("{8BC9CEB8-8B4A-11D0-8D11-00A0C91BC942}") = "cursor", "common\glfw-3.3\src\tests\cursor.vcxproj", "{3EED3497-EAE8-3B77-BFB1-6343341E801E}"
	ProjectSection(ProjectDependencies) = postProject
		{62EB1DE7-401E-34F0-9932-063DFAB9AE70} = {62EB1DE7-401E-34F0-9932-063DFAB9AE70}
	EndProjectSection
EndProject
Project("{8BC9CEB8-8B4A-11D0-8D11-00A0C91BC942}") = "empty", "common\glfw-3.3\src\tests\empty.vcxproj", "{7D6FCA37-F267-3866-B588-6028A5FA2CF6}"
	ProjectSection(ProjectDependencies) = postProject
		{62EB1DE7-401E-34F0-9932-063DFAB9AE70} = {62EB1DE7-401E-34F0-9932-063DFAB9AE70}
	EndProjectSection
EndProject
Project("{8BC9CEB8-8B4A-11D0-8D11-00A0C91BC942}") = "events", "common\glfw-3.3\src\tests\events.vcxproj", "{25BA83AB-E07B-35C4-A9ED-6C162605DB75}"
	ProjectSection(ProjectDependencies) = postProject
		{62EB1DE7-401E-34F0-9932-063DFAB9AE70} = {62EB1DE7-401E-34F0-9932-063DFAB9AE70}
	EndProjectSection
EndProject
Project("{8BC9CEB8-8B4A-11D0-8D11-00A0C91BC942}") = "gamma", "common\glfw-3.3\src\tests\gamma.vcxproj", "{0A1DCAEB-CCF6-3D2D-A274-03DFAA5AACCD}"
	ProjectSection(ProjectDependencies) = postProject
		{62EB1DE7-401E-34F0-9932-063DFAB9AE70} = {62EB1DE7-401E-34F0-9932-063DFAB9AE70}
	EndProjectSection
EndProject
Project("{8BC9CEB8-8B4A-11D0-8D11-00A0C91BC942}") = "gears", "common\glfw-3.3\src\examples\gears.vcxproj", "{DB7E0E3B-4821-3A88-AF66-75688FA296F8}"
	ProjectSection(ProjectDependencies) = postProject
		{62EB1DE7-401E-34F0-9932-063DFAB9AE70} = {62EB1DE7-401E-34F0-9932-063DFAB9AE70}
	EndProjectSection
EndProject
Project("{8BC9CEB8-8B4A-11D0-8D11-00A0C91BC942}") = "glad", "glad.vcxproj", "{209CA680-1ED3-3979-8EBC-EEF83D857FC1}"
	ProjectSection(ProjectDependencies) = postProject
	EndProjectSection
EndProject
Project("{8BC9CEB8-8B4A-11D0-8D11-00A0C91BC942}") = "glfw", "common\glfw-3.3\src\src\glfw.vcxproj", "{62EB1DE7-401E-34F0-9932-063DFAB9AE70}"
	ProjectSection(ProjectDependencies) = postProject
	EndProjectSection
EndProject
Project("{8BC9CEB8-8B4A-11D0-8D11-00A0C91BC942}") = "glfwinfo", "common\glfw-3.3\src\tests\glfwinfo.vcxproj", "{46577826-A70B-3B46-BB0B-83EC84476321}"
	ProjectSection(ProjectDependencies) = postProject
		{62EB1DE7-401E-34F0-9932-063DFAB9AE70} = {62EB1DE7-401E-34F0-9932-063DFAB9AE70}
	EndProjectSection
EndProject
Project("{8BC9CEB8-8B4A-11D0-8D11-00A0C91BC942}") = "heightmap", "common\glfw-3.3\src\examples\heightmap.vcxproj", "{DF4A3E1A-5DC6-38E3-83E8-21D4C48D680C}"
	ProjectSection(ProjectDependencies) = postProject
		{62EB1DE7-401E-34F0-9932-063DFAB9AE70} = {62EB1DE7-401E-34F0-9932-063DFAB9AE70}
	EndProjectSection
EndProject
Project("{8BC9CEB8-8B4A-11D0-8D11-00A0C91BC942}") = "icon", "common\glfw-3.3\src\tests\icon.vcxproj", "{17C1DF86-AC45-3AF1-8072-9D491A14A873}"
	ProjectSection(ProjectDependencies) = postProject
		{62EB1DE7-401E-34F0-9932-063DFAB9AE70} = {62EB1DE7-401E-34F0-9932-063DFAB9AE70}
	EndProjectSection
EndProject
Project("{8BC9CEB8-8B4A-11D0-8D11-00A0C91BC942}") = "iconify", "common\glfw-3.3\src\tests\iconify.vcxproj", "{298080DB-1D6B-32E8-8871-2E53888A0243}"
	ProjectSection(ProjectDependencies) = postProject
		{62EB1DE7-401E-34F0-9932-063DFAB9AE70} = {62EB1DE7-401E-34F0-9932-063DFAB9AE70}
	EndProjectSection
EndProject
Project("{8BC9CEB8-8B4A-11D0-8D11-00A0C91BC942}") = "inputlag", "common\glfw-3.3\src\tests\inputlag.vcxproj", "{69220619-1CB9-3C4D-BC94-F50A5586C8ED}"
	ProjectSection(ProjectDependencies) = postProject
		{62EB1DE7-401E-34F0-9932-063DFAB9AE70} = {62EB1DE7-401E-34F0-9932-063DFAB9AE70}
	EndProjectSection
EndProject
Project("{8BC9CEB8-8B4A-11D0-8D11-00A0C91BC942}") = "joysticks", "common\glfw-3.3\src\tests\joysticks.vcxproj", "{91C3EE6D-F379-3701-9BC8-9518C0756A77}"
	ProjectSection(ProjectDependencies) = postProject
		{62EB1DE7-401E-34F0-9932-063DFAB9AE70} = {62EB1DE7-401E-34F0-9932-063DFAB9AE70}
	EndProjectSection
EndProject
Project("{8BC9CEB8-8B4A-11D0-8D11-00A0C91BC942}") = "monitors", "common\glfw-3.3\src\tests\monitors.vcxproj", "{F7E9FCF0-1DFE-3139-B7C1-C120F758F71F}"
	ProjectSection(ProjectDependencies) = postProject
		{62EB1DE7-401E-34F0-9932-063DFAB9AE70} = {62EB1DE7-401E-34F0-9932-063DFAB9AE70}
	EndProjectSection
EndProject
Project("{8BC9CEB8-8B4A-11D0-8D11-00A0C91BC942}") = "msaa", "common\glfw-3.3\src\tests\msaa.vcxproj", "{4350F66C-73DD-3357-A37E-F38A4F6326FF}"
	ProjectSection(ProjectDependencies) = postProject
		{62EB1DE7-401E-34F0-9932-063DFAB9AE70} = {62EB1DE7-401E-34F0-9932-063DFAB9AE70}
	EndProjectSection
EndProject
Project("{8BC9CEB8-8B4A-11D0-8D11-00A0C91BC942}") = "offscreen", "common\glfw-3.3\src\examples\offscreen.vcxproj", "{9D85972C-EB41-393B-B60B-833D9880BBE1}"
	ProjectSection(ProjectDependencies) = postProject
		{62EB1DE7-401E-34F0-9932-063DFAB9AE70} = {62EB1DE7-401E-34F0-9932-063DFAB9AE70}
	EndProjectSection
EndProject
Project("{8BC9CEB8-8B4A-11D0-8D11-00A0C91BC942}") = "opacity", "common\glfw-3.3\src\tests\opacity.vcxproj", "{D28CF623-B9C1-39A9-B371-89A7E3290E50}"
	ProjectSection(ProjectDependencies) = postProject
		{62EB1DE7-401E-34F0-9932-063DFAB9AE70} = {62EB1DE7-401E-34F0-9932-063DFAB9AE70}
	EndProjectSection
EndProject
Project("{8BC9CEB8-8B4A-11D0-8D11-00A0C91BC942}") = "particles", "common\glfw-3.3\src\examples\particles.vcxproj", "{97BF62C4-05E6-37A1-A733-1F75E256196A}"
	ProjectSection(ProjectDependencies) = postProject
		{62EB1DE7-401E-34F0-9932-063DFAB9AE70} = {62EB1DE7-401E-34F0-9932-063DFAB9AE70}
	EndProjectSection
EndProject
Project("{8BC9CEB8-8B4A-11D0-8D11-00A0C91BC942}") = "reopen", "common\glfw-3.3\src\tests\reopen.vcxproj", "{02A8AA61-1FF2-3EE3-BBF9-949E1F4AA12E}"
	ProjectSection(ProjectDependencies) = postProject
		{62EB1DE7-401E-34F0-9932-063DFAB9AE70} = {62EB1DE7-401E-34F0-9932-063DFAB9AE70}
	EndProjectSection
EndProject
Project("{8BC9CEB8-8B4A-11D0-8D11-00A0C91BC942}") = "sharing", "common\glfw-3.3\src\examples\sharing.vcxproj", "{78C7D1B6-DAF1-39EA-AD9F-6EBE3B57A7F7}"
	ProjectSection(ProjectDependencies) = postProject
		{62EB1DE7-401E-34F0-9932-063DFAB9AE70} = {62EB1DE7-401E-34F0-9932-063DFAB9AE70}
	EndProjectSection
EndProject
Project("{8BC9CEB8-8B4A-11D0-8D11-00A0C91BC942}") = "simple", "common\glfw-3.3\src\examples\simple.vcxproj", "{22FA75CD-DB31-3F57-B3B0-96206450A2C5}"
	ProjectSection(ProjectDependencies) = postProject
		{62EB1DE7-401E-34F0-9932-063DFAB9AE70} = {62EB1DE7-401E-34F0-9932-063DFAB9AE70}
	EndProjectSection
EndProject
Project("{8BC9CEB8-8B4A-11D0-8D11-00A0C91BC942}") = "splitview", "common\glfw-3.3\src\examples\splitview.vcxproj", "{AED899DA-E5B5-367E-BC16-51FDFBE128C0}"
	ProjectSection(ProjectDependencies) = postProject
		{62EB1DE7-401E-34F0-9932-063DFAB9AE70} = {62EB1DE7-401E-34F0-9932-063DFAB9AE70}
	EndProjectSection
EndProject
Project("{8BC9CEB8-8B4A-11D0-8D11-00A0C91BC942}") = "tearing", "common\glfw-3.3\src\tests\tearing.vcxproj", "{AA0A375A-B7A6-3E67-B5AC-570C03FE5A73}"
	ProjectSection(ProjectDependencies) = postProject
		{62EB1DE7-401E-34F0-9932-063DFAB9AE70} = {62EB1DE7-401E-34F0-9932-063DFAB9AE70}
	EndProjectSection
EndProject
Project("{8BC9CEB8-8B4A-11D0-8D11-00A0C91BC942}") = "threads", "common\glfw-3.3\src\tests\threads.vcxproj", "{FE4E0CB5-44C9-3D6B-8334-8099A20ABAF0}"
	ProjectSection(ProjectDependencies) = postProject
		{62EB1DE7-401E-34F0-9932-063DFAB9AE70} = {62EB1DE7-401E-34F0-9932-063DFAB9AE70}
	EndProjectSection
EndProject
Project("{8BC9CEB8-8B4A-11D0-8D11-00A0C91BC942}") = "timeout", "common\glfw-3.3\src\tests\timeout.vcxproj", "{98ED4F1D-9631-384A-8A2F-9E5D7F50C4B2}"
	ProjectSection(ProjectDependencies) = postProject
		{62EB1DE7-401E-34F0-9932-063DFAB9AE70} = {62EB1DE7-401E-34F0-9932-063DFAB9AE70}
	EndProjectSection
EndProject
Project("{8BC9CEB8-8B4A-11D0-8D11-00A0C91BC942}") = "title", "common\glfw-3.3\src\tests\title.vcxproj", "{4FFB596A-0505-33C5-9A72-7427CFD0691C}"
	ProjectSection(ProjectDependencies) = postProject
		{62EB1DE7-401E-34F0-9932-063DFAB9AE70} = {62EB1DE7-401E-34F0-9932-063DFAB9AE70}
	EndProjectSection
EndProject
Project("{8BC9CEB8-8B4A-11D0-8D11-00A0C91BC942}") = "uninstall", "common\glfw-3.3\src\uninstall.vcxproj", "{7531DAAE-5102-39EF-9614-C5FB16519164}"
	ProjectSection(ProjectDependencies) = postProject
	EndProjectSection
EndProject
Project("{8BC9CEB8-8B4A-11D0-8D11-00A0C91BC942}") = "vulkan", "common\glfw-3.3\src\tests\vulkan.vcxproj", "{0B4BC8FD-9FFD-3FA7-BFA8-77698D128A2C}"
	ProjectSection(ProjectDependencies) = postProject
		{62EB1DE7-401E-34F0-9932-063DFAB9AE70} = {62EB1DE7-401E-34F0-9932-063DFAB9AE70}
	EndProjectSection
EndProject
Project("{8BC9CEB8-8B4A-11D0-8D11-00A0C91BC942}") = "wave", "common\glfw-3.3\src\examples\wave.vcxproj", "{DDBF1551-BD19-34E4-B313-1CBDA23C1DBA}"
	ProjectSection(ProjectDependencies) = postProject
		{62EB1DE7-401E-34F0-9932-063DFAB9AE70} = {62EB1DE7-401E-34F0-9932-063DFAB9AE70}
	EndProjectSection
EndProject
Project("{8BC9CEB8-8B4A-11D0-8D11-00A0C91BC942}") = "windows", "common\glfw-3.3\src\tests\windows.vcxproj", "{205D3D07-EDA2-353F-B00A-DEDCB01138A3}"
	ProjectSection(ProjectDependencies) = postProject
		{62EB1DE7-401E-34F0-9932-063DFAB9AE70} = {62EB1DE7-401E-34F0-9932-063DFAB9AE70}
	EndProjectSection
EndProject
Global
	GlobalSection(SolutionConfigurationPlatforms) = preSolution
		Debug|x64 = Debug|x64
		Release|x64 = Release|x64
		MinSizeRel|x64 = MinSizeRel|x64
		RelWithDebInfo|x64 = RelWithDebInfo|x64
	EndGlobalSection
	GlobalSection(ProjectConfigurationPlatforms) = postSolution
		{9927CB15-9C79-3537-90EE-7E70CA28392A}.Debug|x64.ActiveCfg = Debug|x64
		{9927CB15-9C79-3537-90EE-7E70CA28392A}.Debug|x64.Build.0 = Debug|x64
		{9927CB15-9C79-3537-90EE-7E70CA28392A}.Release|x64.ActiveCfg = Release|x64
		{9927CB15-9C79-3537-90EE-7E70CA28392A}.Release|x64.Build.0 = Release|x64
		{9927CB15-9C79-3537-90EE-7E70CA28392A}.MinSizeRel|x64.ActiveCfg = MinSizeRel|x64
		{9927CB15-9C79-3537-90EE-7E70CA28392A}.MinSizeRel|x64.Build.0 = MinSizeRel|x64
		{9927CB15-9C79-3537-90EE-7E70CA28392A}.RelWithDebInfo|x64.ActiveCfg = RelWithDebInfo|x64
		{9927CB15-9C79-3537-90EE-7E70CA28392A}.RelWithDebInfo|x64.Build.0 = RelWithDebInfo|x64
		{C2B945FC-EE78-3418-908B-85EFC18AB342}.Debug|x64.ActiveCfg = Debug|x64
		{C2B945FC-EE78-3418-908B-85EFC18AB342}.Debug|x64.Build.0 = Debug|x64
		{C2B945FC-EE78-3418-908B-85EFC18AB342}.Release|x64.ActiveCfg = Release|x64
		{C2B945FC-EE78-3418-908B-85EFC18AB342}.Release|x64.Build.0 = Release|x64
		{C2B945FC-EE78-3418-908B-85EFC18AB342}.MinSizeRel|x64.ActiveCfg = MinSizeRel|x64
		{C2B945FC-EE78-3418-908B-85EFC18AB342}.MinSizeRel|x64.Build.0 = MinSizeRel|x64
		{C2B945FC-EE78-3418-908B-85EFC18AB342}.RelWithDebInfo|x64.ActiveCfg = RelWithDebInfo|x64
		{C2B945FC-EE78-3418-908B-85EFC18AB342}.RelWithDebInfo|x64.Build.0 = RelWithDebInfo|x64
		{A8A4B15D-D66A-3B47-9B35-4EDF56AE9175}.Debug|x64.ActiveCfg = Debug|x64
		{A8A4B15D-D66A-3B47-9B35-4EDF56AE9175}.Release|x64.ActiveCfg = Release|x64
		{A8A4B15D-D66A-3B47-9B35-4EDF56AE9175}.MinSizeRel|x64.ActiveCfg = MinSizeRel|x64
		{A8A4B15D-D66A-3B47-9B35-4EDF56AE9175}.RelWithDebInfo|x64.ActiveCfg = RelWithDebInfo|x64
		{2143B554-6DD8-3665-8593-A5C693A2B7F3}.Debug|x64.ActiveCfg = Debug|x64
		{2143B554-6DD8-3665-8593-A5C693A2B7F3}.Debug|x64.Build.0 = Debug|x64
		{2143B554-6DD8-3665-8593-A5C693A2B7F3}.Release|x64.ActiveCfg = Release|x64
		{2143B554-6DD8-3665-8593-A5C693A2B7F3}.Release|x64.Build.0 = Release|x64
		{2143B554-6DD8-3665-8593-A5C693A2B7F3}.MinSizeRel|x64.ActiveCfg = MinSizeRel|x64
		{2143B554-6DD8-3665-8593-A5C693A2B7F3}.MinSizeRel|x64.Build.0 = MinSizeRel|x64
		{2143B554-6DD8-3665-8593-A5C693A2B7F3}.RelWithDebInfo|x64.ActiveCfg = RelWithDebInfo|x64
		{2143B554-6DD8-3665-8593-A5C693A2B7F3}.RelWithDebInfo|x64.Build.0 = RelWithDebInfo|x64
		{45B8EFBD-D47A-31A7-A3BA-CAADF13D901F}.Debug|x64.ActiveCfg = Debug|x64
		{45B8EFBD-D47A-31A7-A3BA-CAADF13D901F}.Debug|x64.Build.0 = Debug|x64
		{45B8EFBD-D47A-31A7-A3BA-CAADF13D901F}.Release|x64.ActiveCfg = Release|x64
		{45B8EFBD-D47A-31A7-A3BA-CAADF13D901F}.Release|x64.Build.0 = Release|x64
		{45B8EFBD-D47A-31A7-A3BA-CAADF13D901F}.MinSizeRel|x64.ActiveCfg = MinSizeRel|x64
		{45B8EFBD-D47A-31A7-A3BA-CAADF13D901F}.MinSizeRel|x64.Build.0 = MinSizeRel|x64
		{45B8EFBD-D47A-31A7-A3BA-CAADF13D901F}.RelWithDebInfo|x64.ActiveCfg = RelWithDebInfo|x64
		{45B8EFBD-D47A-31A7-A3BA-CAADF13D901F}.RelWithDebInfo|x64.Build.0 = RelWithDebInfo|x64
		{3EED3497-EAE8-3B77-BFB1-6343341E801E}.Debug|x64.ActiveCfg = Debug|x64
		{3EED3497-EAE8-3B77-BFB1-6343341E801E}.Debug|x64.Build.0 = Debug|x64
		{3EED3497-EAE8-3B77-BFB1-6343341E801E}.Release|x64.ActiveCfg = Release|x64
		{3EED3497-EAE8-3B77-BFB1-6343341E801E}.Release|x64.Build.0 = Release|x64
		{3EED3497-EAE8-3B77-BFB1-6343341E801E}.MinSizeRel|x64.ActiveCfg = MinSizeRel|x64
		{3EED3497-EAE8-3B77-BFB1-6343341E801E}.MinSizeRel|x64.Build.0 = MinSizeRel|x64
		{3EED3497-EAE8-3B77-BFB1-6343341E801E}.RelWithDebInfo|x64.ActiveCfg = RelWithDebInfo|x64
		{3EED3497-EAE8-3B77-BFB1-6343341E801E}.RelWithDebInfo|x64.Build.0 = RelWithDebInfo|x64
		{7D6FCA37-F267-3866-B588-6028A5FA2CF6}.Debug|x64.ActiveCfg = Debug|x64
		{7D6FCA37-F267-3866-B588-6028A5FA2CF6}.Debug|x64.Build.0 = Debug|x64
		{7D6FCA37-F267-3866-B588-6028A5FA2CF6}.Release|x64.ActiveCfg = Release|x64
		{7D6FCA37-F267-3866-B588-6028A5FA2CF6}.Release|x64.Build.0 = Release|x64
		{7D6FCA37-F267-3866-B588-6028A5FA2CF6}.MinSizeRel|x64.ActiveCfg = MinSizeRel|x64
		{7D6FCA37-F267-3866-B588-6028A5FA2CF6}.MinSizeRel|x64.Build.0 = MinSizeRel|x64
		{7D6FCA37-F267-3866-B588-6028A5FA2CF6}.RelWithDebInfo|x64.ActiveCfg = RelWithDebInfo|x64
		{7D6FCA37-F267-3866-B588-6028A5FA2CF6}.RelWithDebInfo|x64.Build.0 = RelWithDebInfo|x64
		{25BA83AB-E07B-35C4-A9ED-6C162605DB75}.Debug|x64.ActiveCfg = Debug|x64
		{25BA83AB-E07B-35C4-A9ED-6C162605DB75}.Debug|x64.Build.0 = Debug|x64
		{25BA83AB-E07B-35C4-A9ED-6C162605DB75}.Release|x64.ActiveCfg = Release|x64
		{25BA83AB-E07B-35C4-A9ED-6C162605DB75}.Release|x64.Build.0 = Release|x64
		{25BA83AB-E07B-35C4-A9ED-6C162605DB75}.MinSizeRel|x64.ActiveCfg = MinSizeRel|x64
		{25BA83AB-E07B-35C4-A9ED-6C162605DB75}.MinSizeRel|x64.Build.0 = MinSizeRel|x64
		{25BA83AB-E07B-35C4-A9ED-6C162605DB75}.RelWithDebInfo|x64.ActiveCfg = RelWithDebInfo|x64
		{25BA83AB-E07B-35C4-A9ED-6C162605DB75}.RelWithDebInfo|x64.Build.0 = RelWithDebInfo|x64
		{0A1DCAEB-CCF6-3D2D-A274-03DFAA5AACCD}.Debug|x64.ActiveCfg = Debug|x64
		{0A1DCAEB-CCF6-3D2D-A274-03DFAA5AACCD}.Debug|x64.Build.0 = Debug|x64
		{0A1DCAEB-CCF6-3D2D-A274-03DFAA5AACCD}.Release|x64.ActiveCfg = Release|x64
		{0A1DCAEB-CCF6-3D2D-A274-03DFAA5AACCD}.Release|x64.Build.0 = Release|x64
		{0A1DCAEB-CCF6-3D2D-A274-03DFAA5AACCD}.MinSizeRel|x64.ActiveCfg = MinSizeRel|x64
		{0A1DCAEB-CCF6-3D2D-A274-03DFAA5AACCD}.MinSizeRel|x64.Build.0 = MinSizeRel|x64
		{0A1DCAEB-CCF6-3D2D-A274-03DFAA5AACCD}.RelWithDebInfo|x64.ActiveCfg = RelWithDebInfo|x64
		{0A1DCAEB-CCF6-3D2D-A274-03DFAA5AACCD}.RelWithDebInfo|x64.Build.0 = RelWithDebInfo|x64
		{DB7E0E3B-4821-3A88-AF66-75688FA296F8}.Debug|x64.ActiveCfg = Debug|x64
		{DB7E0E3B-4821-3A88-AF66-75688FA296F8}.Debug|x64.Build.0 = Debug|x64
		{DB7E0E3B-4821-3A88-AF66-75688FA296F8}.Release|x64.ActiveCfg = Release|x64
		{DB7E0E3B-4821-3A88-AF66-75688FA296F8}.Release|x64.Build.0 = Release|x64
		{DB7E0E3B-4821-3A88-AF66-75688FA296F8}.MinSizeRel|x64.ActiveCfg = MinSizeRel|x64
		{DB7E0E3B-4821-3A88-AF66-75688FA296F8}.MinSizeRel|x64.Build.0 = MinSizeRel|x64
		{DB7E0E3B-4821-3A88-AF66-75688FA296F8}.RelWithDebInfo|x64.ActiveCfg = RelWithDebInfo|x64
		{DB7E0E3B-4821-3A88-AF66-75688FA296F8}.RelWithDebInfo|x64.Build.0 = RelWithDebInfo|x64
		{209CA680-1ED3-3979-8EBC-EEF83D857FC1}.Debug|x64.ActiveCfg = Debug|x64
		{209CA680-1ED3-3979-8EBC-EEF83D857FC1}.Debug|x64.Build.0 = Debug|x64
		{209CA680-1ED3-3979-8EBC-EEF83D857FC1}.Release|x64.ActiveCfg = Release|x64
		{209CA680-1ED3-3979-8EBC-EEF83D857FC1}.Release|x64.Build.0 = Release|x64
		{209CA680-1ED3-3979-8EBC-EEF83D857FC1}.MinSizeRel|x64.ActiveCfg = MinSizeRel|x64
		{209CA680-1ED3-3979-8EBC-EEF83D857FC1}.MinSizeRel|x64.Build.0 = MinSizeRel|x64
		{209CA680-1ED3-3979-8EBC-EEF83D857FC1}.RelWithDebInfo|x64.ActiveCfg = RelWithDebInfo|x64
		{209CA680-1ED3-3979-8EBC-EEF83D857FC1}.RelWithDebInfo|x64.Build.0 = RelWithDebInfo|x64
		{62EB1DE7-401E-34F0-9932-063DFAB9AE70}.Debug|x64.ActiveCfg = Debug|x64
		{62EB1DE7-401E-34F0-9932-063DFAB9AE70}.Debug|x64.Build.0 = Debug|x64
		{62EB1DE7-401E-34F0-9932-063DFAB9AE70}.Release|x64.ActiveCfg = Release|x64
		{62EB1DE7-401E-34F0-9932-063DFAB9AE70}.Release|x64.Build.0 = Release|x64
		{62EB1DE7-401E-34F0-9932-063DFAB9AE70}.MinSizeRel|x64.ActiveCfg = MinSizeRel|x64
		{62EB1DE7-401E-34F0-9932-063DFAB9AE70}.MinSizeRel|x64.Build.0 = MinSizeRel|x64
		{62EB1DE7-401E-34F0-9932-063DFAB9AE70}.RelWithDebInfo|x64.ActiveCfg = RelWithDebInfo|x64
		{62EB1DE7-401E-34F0-9932-063DFAB9AE70}.RelWithDebInfo|x64.Build.0 = RelWithDebInfo|x64
		{46577826-A70B-3B46-BB0B-83EC84476321}.Debug|x64.ActiveCfg = Debug|x64
		{46577826-A70B-3B46-BB0B-83EC84476321}.Debug|x64.Build.0 = Debug|x64
		{46577826-A70B-3B46-BB0B-83EC84476321}.Release|x64.ActiveCfg = Release|x64
		{46577826-A70B-3B46-BB0B-83EC84476321}.Release|x64.Build.0 = Release|x64
		{46577826-A70B-3B46-BB0B-83EC84476321}.MinSizeRel|x64.ActiveCfg = MinSizeRel|x64
		{46577826-A70B-3B46-BB0B-83EC84476321}.MinSizeRel|x64.Build.0 = MinSizeRel|x64
		{46577826-A70B-3B46-BB0B-83EC84476321}.RelWithDebInfo|x64.ActiveCfg = RelWithDebInfo|x64
		{46577826-A70B-3B46-BB0B-83EC84476321}.RelWithDebInfo|x64.Build.0 = RelWithDebInfo|x64
		{DF4A3E1A-5DC6-38E3-83E8-21D4C48D680C}.Debug|x64.ActiveCfg = Debug|x64
		{DF4A3E1A-5DC6-38E3-83E8-21D4C48D680C}.Debug|x64.Build.0 = Debug|x64
		{DF4A3E1A-5DC6-38E3-83E8-21D4C48D680C}.Release|x64.ActiveCfg = Release|x64
		{DF4A3E1A-5DC6-38E3-83E8-21D4C48D680C}.Release|x64.Build.0 = Release|x64
		{DF4A3E1A-5DC6-38E3-83E8-21D4C48D680C}.MinSizeRel|x64.ActiveCfg = MinSizeRel|x64
		{DF4A3E1A-5DC6-38E3-83E8-21D4C48D680C}.MinSizeRel|x64.Build.0 = MinSizeRel|x64
		{DF4A3E1A-5DC6-38E3-83E8-21D4C48D680C}.RelWithDebInfo|x64.ActiveCfg = RelWithDebInfo|x64
		{DF4A3E1A-5DC6-38E3-83E8-21D4C48D680C}.RelWithDebInfo|x64.Build.0 = RelWithDebInfo|x64
		{17C1DF86-AC45-3AF1-8072-9D491A14A873}.Debug|x64.ActiveCfg = Debug|x64
		{17C1DF86-AC45-3AF1-8072-9D491A14A873}.Debug|x64.Build.0 = Debug|x64
		{17C1DF86-AC45-3AF1-8072-9D491A14A873}.Release|x64.ActiveCfg = Release|x64
		{17C1DF86-AC45-3AF1-8072-9D491A14A873}.Release|x64.Build.0 = Release|x64
		{17C1DF86-AC45-3AF1-8072-9D491A14A873}.MinSizeRel|x64.ActiveCfg = MinSizeRel|x64
		{17C1DF86-AC45-3AF1-8072-9D491A14A873}.MinSizeRel|x64.Build.0 = MinSizeRel|x64
		{17C1DF86-AC45-3AF1-8072-9D491A14A873}.RelWithDebInfo|x64.ActiveCfg = RelWithDebInfo|x64
		{17C1DF86-AC45-3AF1-8072-9D491A14A873}.RelWithDebInfo|x64.Build.0 = RelWithDebInfo|x64
		{298080DB-1D6B-32E8-8871-2E53888A0243}.Debug|x64.ActiveCfg = Debug|x64
		{298080DB-1D6B-32E8-8871-2E53888A0243}.Debug|x64.Build.0 = Debug|x64
		{298080DB-1D6B-32E8-8871-2E53888A0243}.Release|x64.ActiveCfg = Release|x64
		{298080DB-1D6B-32E8-8871-2E53888A0243}.Release|x64.Build.0 = Release|x64
		{298080DB-1D6B-32E8-8871-2E53888A0243}.MinSizeRel|x64.ActiveCfg = MinSizeRel|x64
		{298080DB-1D6B-32E8-8871-2E53888A0243}.MinSizeRel|x64.Build.0 = MinSizeRel|x64
		{298080DB-1D6B-32E8-8871-2E53888A0243}.RelWithDebInfo|x64.ActiveCfg = RelWithDebInfo|x64
		{298080DB-1D6B-32E8-8871-2E53888A0243}.RelWithDebInfo|x64.Build.0 = RelWithDebInfo|x64
		{69220619-1CB9-3C4D-BC94-F50A5586C8ED}.Debug|x64.ActiveCfg = Debug|x64
		{69220619-1CB9-3C4D-BC94-F50A5586C8ED}.Debug|x64.Build.0 = Debug|x64
		{69220619-1CB9-3C4D-BC94-F50A5586C8ED}.Release|x64.ActiveCfg = Release|x64
		{69220619-1CB9-3C4D-BC94-F50A5586C8ED}.Release|x64.Build.0 = Release|x64
		{69220619-1CB9-3C4D-BC94-F50A5586C8ED}.MinSizeRel|x64.ActiveCfg = MinSizeRel|x64
		{69220619-1CB9-3C4D-BC94-F50A5586C8ED}.MinSizeRel|x64.Build.0 = MinSizeRel|x64
		{69220619-1CB9-3C4D-BC94-F50A5586C8ED}.RelWithDebInfo|x64.ActiveCfg = RelWithDebInfo|x64
		{69220619-1CB9-3C4D-BC94-F50A5586C8ED}.RelWithDebInfo|x64.Build.0 = RelWithDebInfo|x64
		{91C3EE6D-F379-3701-9BC8-9518C0756A77}.Debug|x64.ActiveCfg = Debug|x64
		{91C3EE6D-F379-3701-9BC8-9518C0756A77}.Debug|x64.Build.0 = Debug|x64
		{91C3EE6D-F379-3701-9BC8-9518C0756A77}.Release|x64.ActiveCfg = Release|x64
		{91C3EE6D-F379-3701-9BC8-9518C0756A77}.Release|x64.Build.0 = Release|x64
		{91C3EE6D-F379-3701-9BC8-9518C0756A77}.MinSizeRel|x64.ActiveCfg = MinSizeRel|x64
		{91C3EE6D-F379-3701-9BC8-9518C0756A77}.MinSizeRel|x64.Build.0 = MinSizeRel|x64
		{91C3EE6D-F379-3701-9BC8-9518C0756A77}.RelWithDebInfo|x64.ActiveCfg = RelWithDebInfo|x64
		{91C3EE6D-F379-3701-9BC8-9518C0756A77}.RelWithDebInfo|x64.Build.0 = RelWithDebInfo|x64
		{F7E9FCF0-1DFE-3139-B7C1-C120F758F71F}.Debug|x64.ActiveCfg = Debug|x64
		{F7E9FCF0-1DFE-3139-B7C1-C120F758F71F}.Debug|x64.Build.0 = Debug|x64
		{F7E9FCF0-1DFE-3139-B7C1-C120F758F71F}.Release|x64.ActiveCfg = Release|x64
		{F7E9FCF0-1DFE-3139-B7C1-C120F758F71F}.Release|x64.Build.0 = Release|x64
		{F7E9FCF0-1DFE-3139-B7C1-C120F758F71F}.MinSizeRel|x64.ActiveCfg = MinSizeRel|x64
		{F7E9FCF0-1DFE-3139-B7C1-C120F758F71F}.MinSizeRel|x64.Build.0 = MinSizeRel|x64
		{F7E9FCF0-1DFE-3139-B7C1-C120F758F71F}.RelWithDebInfo|x64.ActiveCfg = RelWithDebInfo|x64
		{F7E9FCF0-1DFE-3139-B7C1-C120F758F71F}.RelWithDebInfo|x64.Build.0 = RelWithDebInfo|x64
		{4350F66C-73DD-3357-A37E-F38A4F6326FF}.Debug|x64.ActiveCfg = Debug|x64
		{4350F66C-73DD-3357-A37E-F38A4F6326FF}.Debug|x64.Build.0 = Debug|x64
		{4350F66C-73DD-3357-A37E-F38A4F6326FF}.Release|x64.ActiveCfg = Release|x64
		{4350F66C-73DD-3357-A37E-F38A4F6326FF}.Release|x64.Build.0 = Release|x64
		{4350F66C-73DD-3357-A37E-F38A4F6326FF}.MinSizeRel|x64.ActiveCfg = MinSizeRel|x64
		{4350F66C-73DD-3357-A37E-F38A4F6326FF}.MinSizeRel|x64.Build.0 = MinSizeRel|x64
		{4350F66C-73DD-3357-A37E-F38A4F6326FF}.RelWithDebInfo|x64.ActiveCfg = RelWithDebInfo|x64
		{4350F66C-73DD-3357-A37E-F38A4F6326FF}.RelWithDebInfo|x64.Build.0 = RelWithDebInfo|x64
		{9D85972C-EB41-393B-B60B-833D9880BBE1}.Debug|x64.ActiveCfg = Debug|x64
		{9D85972C-EB41-393B-B60B-833D9880BBE1}.Debug|x64.Build.0 = Debug|x64
		{9D85972C-EB41-393B-B60B-833D9880BBE1}.Release|x64.ActiveCfg = Release|x64
		{9D85972C-EB41-393B-B60B-833D9880BBE1}.Release|x64.Build.0 = Release|x64
		{9D85972C-EB41-393B-B60B-833D9880BBE1}.MinSizeRel|x64.ActiveCfg = MinSizeRel|x64
		{9D85972C-EB41-393B-B60B-833D9880BBE1}.MinSizeRel|x64.Build.0 = MinSizeRel|x64
		{9D85972C-EB41-393B-B60B-833D9880BBE1}.RelWithDebInfo|x64.ActiveCfg = RelWithDebInfo|x64
		{9D85972C-EB41-393B-B60B-833D9880BBE1}.RelWithDebInfo|x64.Build.0 = RelWithDebInfo|x64
		{D28CF623-B9C1-39A9-B371-89A7E3290E50}.Debug|x64.ActiveCfg = Debug|x64
		{D28CF623-B9C1-39A9-B371-89A7E3290E50}.Debug|x64.Build.0 = Debug|x64
		{D28CF623-B9C1-39A9-B371-89A7E3290E50}.Release|x64.ActiveCfg = Release|x64
		{D28CF623-B9C1-39A9-B371-89A7E3290E50}.Release|x64.Build.0 = Release|x64
		{D28CF623-B9C1-39A9-B371-89A7E3290E50}.MinSizeRel|x64.ActiveCfg = MinSizeRel|x64
		{D28CF623-B9C1-39A9-B371-89A7E3290E50}.MinSizeRel|x64.Build.0 = MinSizeRel|x64
		{D28CF623-B9C1-39A9-B371-89A7E3290E50}.RelWithDebInfo|x64.ActiveCfg = RelWithDebInfo|x64
		{D28CF623-B9C1-39A9-B371-89A7E3290E50}.RelWithDebInfo|x64.Build.0 = RelWithDebInfo|x64
		{97BF62C4-05E6-37A1-A733-1F75E256196A}.Debug|x64.ActiveCfg = Debug|x64
		{97BF62C4-05E6-37A1-A733-1F75E256196A}.Debug|x64.Build.0 = Debug|x64
		{97BF62C4-05E6-37A1-A733-1F75E256196A}.Release|x64.ActiveCfg = Release|x64
		{97BF62C4-05E6-37A1-A733-1F75E256196A}.Release|x64.Build.0 = Release|x64
		{97BF62C4-05E6-37A1-A733-1F75E256196A}.MinSizeRel|x64.ActiveCfg = MinSizeRel|x64
		{97BF62C4-05E6-37A1-A733-1F75E256196A}.MinSizeRel|x64.Build.0 = MinSizeRel|x64
		{97BF62C4-05E6-37A1-A733-1F75E256196A}.RelWithDebInfo|x64.ActiveCfg = RelWithDebInfo|x64
		{97BF62C4-05E6-37A1-A733-1F75E256196A}.RelWithDebInfo|x64.Build.0 = RelWithDebInfo|x64
		{02A8AA61-1FF2-3EE3-BBF9-949E1F4AA12E}.Debug|x64.ActiveCfg = Debug|x64
		{02A8AA61-1FF2-3EE3-BBF9-949E1F4AA12E}.Debug|x64.Build.0 = Debug|x64
		{02A8AA61-1FF2-3EE3-BBF9-949E1F4AA12E}.Release|x64.ActiveCfg = Release|x64
		{02A8AA61-1FF2-3EE3-BBF9-949E1F4AA12E}.Release|x64.Build.0 = Release|x64
		{02A8AA61-1FF2-3EE3-BBF9-949E1F4AA12E}.MinSizeRel|x64.ActiveCfg = MinSizeRel|x64
		{02A8AA61-1FF2-3EE3-BBF9-949E1F4AA12E}.MinSizeRel|x64.Build.0 = MinSizeRel|x64
		{02A8AA61-1FF2-3EE3-BBF9-949E1F4AA12E}.RelWithDebInfo|x64.ActiveCfg = RelWithDebInfo|x64
		{02A8AA61-1FF2-3EE3-BBF9-949E1F4AA12E}.RelWithDebInfo|x64.Build.0 = RelWithDebInfo|x64
		{78C7D1B6-DAF1-39EA-AD9F-6EBE3B57A7F7}.Debug|x64.ActiveCfg = Debug|x64
		{78C7D1B6-DAF1-39EA-AD9F-6EBE3B57A7F7}.Debug|x64.Build.0 = Debug|x64
		{78C7D1B6-DAF1-39EA-AD9F-6EBE3B57A7F7}.Release|x64.ActiveCfg = Release|x64
		{78C7D1B6-DAF1-39EA-AD9F-6EBE3B57A7F7}.Release|x64.Build.0 = Release|x64
		{78C7D1B6-DAF1-39EA-AD9F-6EBE3B57A7F7}.MinSizeRel|x64.ActiveCfg = MinSizeRel|x64
		{78C7D1B6-DAF1-39EA-AD9F-6EBE3B57A7F7}.MinSizeRel|x64.Build.0 = MinSizeRel|x64
		{78C7D1B6-DAF1-39EA-AD9F-6EBE3B57A7F7}.RelWithDebInfo|x64.ActiveCfg = RelWithDebInfo|x64
		{78C7D1B6-DAF1-39EA-AD9F-6EBE3B57A7F7}.RelWithDebInfo|x64.Build.0 = RelWithDebInfo|x64
		{22FA75CD-DB31-3F57-B3B0-96206450A2C5}.Debug|x64.ActiveCfg = Debug|x64
		{22FA75CD-DB31-3F57-B3B0-96206450A2C5}.Debug|x64.Build.0 = Debug|x64
		{22FA75CD-DB31-3F57-B3B0-96206450A2C5}.Release|x64.ActiveCfg = Release|x64
		{22FA75CD-DB31-3F57-B3B0-96206450A2C5}.Release|x64.Build.0 = Release|x64
		{22FA75CD-DB31-3F57-B3B0-96206450A2C5}.MinSizeRel|x64.ActiveCfg = MinSizeRel|x64
		{22FA75CD-DB31-3F57-B3B0-96206450A2C5}.MinSizeRel|x64.Build.0 = MinSizeRel|x64
		{22FA75CD-DB31-3F57-B3B0-96206450A2C5}.RelWithDebInfo|x64.ActiveCfg = RelWithDebInfo|x64
		{22FA75CD-DB31-3F57-B3B0-96206450A2C5}.RelWithDebInfo|x64.Build.0 = RelWithDebInfo|x64
		{AED899DA-E5B5-367E-BC16-51FDFBE128C0}.Debug|x64.ActiveCfg = Debug|x64
		{AED899DA-E5B5-367E-BC16-51FDFBE128C0}.Debug|x64.Build.0 = Debug|x64
		{AED899DA-E5B5-367E-BC16-51FDFBE128C0}.Release|x64.ActiveCfg = Release|x64
		{AED899DA-E5B5-367E-BC16-51FDFBE128C0}.Release|x64.Build.0 = Release|x64
		{AED899DA-E5B5-367E-BC16-51FDFBE128C0}.MinSizeRel|x64.ActiveCfg = MinSizeRel|x64
		{AED899DA-E5B5-367E-BC16-51FDFBE128C0}.MinSizeRel|x64.Build.0 = MinSizeRel|x64
		{AED899DA-E5B5-367E-BC16-51FDFBE128C0}.RelWithDebInfo|x64.ActiveCfg = RelWithDebInfo|x64
		{AED899DA-E5B5-367E-BC16-51FDFBE128C0}.RelWithDebInfo|x64.Build.0 = RelWithDebInfo|x64
		{AA0A375A-B7A6-3E67-B5AC-570C03FE5A73}.Debug|x64.ActiveCfg = Debug|x64
		{AA0A375A-B7A6-3E67-B5AC-570C03FE5A73}.Debug|x64.Build.0 = Debug|x64
		{AA0A375A-B7A6-3E67-B5AC-570C03FE5A73}.Release|x64.ActiveCfg = Release|x64
		{AA0A375A-B7A6-3E67-B5AC-570C03FE5A73}.Release|x64.Build.0 = Release|x64
		{AA0A375A-B7A6-3E67-B5AC-570C03FE5A73}.MinSizeRel|x64.ActiveCfg = MinSizeRel|x64
		{AA0A375A-B7A6-3E67-B5AC-570C03FE5A73}.MinSizeRel|x64.Build.0 = MinSizeRel|x64
		{AA0A375A-B7A6-3E67-B5AC-570C03FE5A73}.RelWithDebInfo|x64.ActiveCfg = RelWithDebInfo|x64
		{AA0A375A-B7A6-3E67-B5AC-570C03FE5A73}.RelWithDebInfo|x64.Build.0 = RelWithDebInfo|x64
		{FE4E0CB5-44C9-3D6B-8334-8099A20ABAF0}.Debug|x64.ActiveCfg = Debug|x64
		{FE4E0CB5-44C9-3D6B-8334-8099A20ABAF0}.Debug|x64.Build.0 = Debug|x64
		{FE4E0CB5-44C9-3D6B-8334-8099A20ABAF0}.Release|x64.ActiveCfg = Release|x64
		{FE4E0CB5-44C9-3D6B-8334-8099A20ABAF0}.Release|x64.Build.0 = Release|x64
		{FE4E0CB5-44C9-3D6B-8334-8099A20ABAF0}.MinSizeRel|x64.ActiveCfg = MinSizeRel|x64
		{FE4E0CB5-44C9-3D6B-8334-8099A20ABAF0}.MinSizeRel|x64.Build.0 = MinSizeRel|x64
		{FE4E0CB5-44C9-3D6B-8334-8099A20ABAF0}.RelWithDebInfo|x64.ActiveCfg = RelWithDebInfo|x64
		{FE4E0CB5-44C9-3D6B-8334-8099A20ABAF0}.RelWithDebInfo|x64.Build.0 = RelWithDebInfo|x64
		{98ED4F1D-9631-384A-8A2F-9E5D7F50C4B2}.Debug|x64.ActiveCfg = Debug|x64
		{98ED4F1D-9631-384A-8A2F-9E5D7F50C4B2}.Debug|x64.Build.0 = Debug|x64
		{98ED4F1D-9631-384A-8A2F-9E5D7F50C4B2}.Release|x64.ActiveCfg = Release|x64
		{98ED4F1D-9631-384A-8A2F-9E5D7F50C4B2}.Release|x64.Build.0 = Release|x64
		{98ED4F1D-9631-384A-8A2F-9E5D7F50C4B2}.MinSizeRel|x64.ActiveCfg = MinSizeRel|x64
		{98ED4F1D-9631-384A-8A2F-9E5D7F50C4B2}.MinSizeRel|x64.Build.0 = MinSizeRel|x64
		{98ED4F1D-9631-384A-8A2F-9E5D7F50C4B2}.RelWithDebInfo|x64.ActiveCfg = RelWithDebInfo|x64
		{98ED4F1D-9631-384A-8A2F-9E5D7F50C4B2}.RelWithDebInfo|x64.Build.0 = RelWithDebInfo|x64
		{4FFB596A-0505-33C5-9A72-7427CFD0691C}.Debug|x64.ActiveCfg = Debug|x64
		{4FFB596A-0505-33C5-9A72-7427CFD0691C}.Debug|x64.Build.0 = Debug|x64
		{4FFB596A-0505-33C5-9A72-7427CFD0691C}.Release|x64.ActiveCfg = Release|x64
		{4FFB596A-0505-33C5-9A72-7427CFD0691C}.Release|x64.Build.0 = Release|x64
		{4FFB596A-0505-33C5-9A72-7427CFD0691C}.MinSizeRel|x64.ActiveCfg = MinSizeRel|x64
		{4FFB596A-0505-33C5-9A72-7427CFD0691C}.MinSizeRel|x64.Build.0 = MinSizeRel|x64
		{4FFB596A-0505-33C5-9A72-7427CFD0691C}.RelWithDebInfo|x64.ActiveCfg = RelWithDebInfo|x64
		{4FFB596A-0505-33C5-9A72-7427CFD0691C}.RelWithDebInfo|x64.Build.0 = RelWithDebInfo|x64
		{7531DAAE-5102-39EF-9614-C5FB16519164}.Debug|x64.ActiveCfg = Debug|x64
		{7531DAAE-5102-39EF-9614-C5FB16519164}.Release|x64.ActiveCfg = Release|x64
		{7531DAAE-5102-39EF-9614-C5FB16519164}.MinSizeRel|x64.ActiveCfg = MinSizeRel|x64
		{7531DAAE-5102-39EF-9614-C5FB16519164}.RelWithDebInfo|x64.ActiveCfg = RelWithDebInfo|x64
		{0B4BC8FD-9FFD-3FA7-BFA8-77698D128A2C}.Debug|x64.ActiveCfg = Debug|x64
		{0B4BC8FD-9FFD-3FA7-BFA8-77698D128A2C}.Debug|x64.Build.0 = Debug|x64
		{0B4BC8FD-9FFD-3FA7-BFA8-77698D128A2C}.Release|x64.ActiveCfg = Release|x64
		{0B4BC8FD-9FFD-3FA7-BFA8-77698D128A2C}.Release|x64.Build.0 = Release|x64
		{0B4BC8FD-9FFD-3FA7-BFA8-77698D128A2C}.MinSizeRel|x64.ActiveCfg = MinSizeRel|x64
		{0B4BC8FD-9FFD-3FA7-BFA8-77698D128A2C}.MinSizeRel|x64.Build.0 = MinSizeRel|x64
		{0B4BC8FD-9FFD-3FA7-BFA8-77698D128A2C}.RelWithDebInfo|x64.ActiveCfg = RelWithDebInfo|x64
		{0B4BC8FD-9FFD-3FA7-BFA8-77698D128A2C}.RelWithDebInfo|x64.Build.0 = RelWithDebInfo|x64
		{DDBF1551-BD19-34E4-B313-1CBDA23C1DBA}.Debug|x64.ActiveCfg = Debug|x64
		{DDBF1551-BD19-34E4-B313-1CBDA23C1DBA}.Debug|x64.Build.0 = Debug|x64
		{DDBF1551-BD19-34E4-B313-1CBDA23C1DBA}.Release|x64.ActiveCfg = Release|x64
		{DDBF1551-BD19-34E4-B313-1CBDA23C1DBA}.Release|x64.Build.0 = Release|x64
		{DDBF1551-BD19-34E4-B313-1CBDA23C1DBA}.MinSizeRel|x64.ActiveCfg = MinSizeRel|x64
		{DDBF1551-BD19-34E4-B313-1CBDA23C1DBA}.MinSizeRel|x64.Build.0 = MinSizeRel|x64
		{DDBF1551-BD19-34E4-B313-1CBDA23C1DBA}.RelWithDebInfo|x64.ActiveCfg = RelWithDebInfo|x64
		{DDBF1551-BD19-34E4-B313-1CBDA23C1DBA}.RelWithDebInfo|x64.Build.0 = RelWithDebInfo|x64
		{205D3D07-EDA2-353F-B00A-DEDCB01138A3}.Debug|x64.ActiveCfg = Debug|x64
		{205D3D07-EDA2-353F-B00A-DEDCB01138A3}.Debug|x64.Build.0 = Debug|x64
		{205D3D07-EDA2-353F-B00A-DEDCB01138A3}.Release|x64.ActiveCfg = Release|x64
		{205D3D07-EDA2-353F-B00A-DEDCB01138A3}.Release|x64.Build.0 = Release|x64
		{205D3D07-EDA2-353F-B00A-DEDCB01138A3}.MinSizeRel|x64.ActiveCfg = MinSizeRel|x64
		{205D3D07-EDA2-353F-B00A-DEDCB01138A3}.MinSizeRel|x64.Build.0 = MinSizeRel|x64
		{205D3D07-EDA2-353F-B00A-DEDCB01138A3}.RelWithDebInfo|x64.ActiveCfg = RelWithDebInfo|x64
		{205D3D07-EDA2-353F-B00A-DEDCB01138A3}.RelWithDebInfo|x64.Build.0 = RelWithDebInfo|x64
	EndGlobalSection
	GlobalSection(NestedProjects) = preSolution
		{C2B945FC-EE78-3418-908B-85EFC18AB342} = {C852465D-21EA-305E-9EDE-FB41B4843078}
		{A8A4B15D-D66A-3B47-9B35-4EDF56AE9175} = {C852465D-21EA-305E-9EDE-FB41B4843078}
		{32048913-26B7-3BC4-A2F0-E8057FDA38C8} = {93223AF4-6D87-3422-9A0C-0465CC8BE22B}
		{876968FD-5CAE-3825-8D9A-0EA3019E1DBD} = {93223AF4-6D87-3422-9A0C-0465CC8BE22B}
		{62EB1DE7-401E-34F0-9932-063DFAB9AE70} = {93223AF4-6D87-3422-9A0C-0465CC8BE22B}
		{7531DAAE-5102-39EF-9614-C5FB16519164} = {93223AF4-6D87-3422-9A0C-0465CC8BE22B}
		{2143B554-6DD8-3665-8593-A5C693A2B7F3} = {32048913-26B7-3BC4-A2F0-E8057FDA38C8}
		{DB7E0E3B-4821-3A88-AF66-75688FA296F8} = {32048913-26B7-3BC4-A2F0-E8057FDA38C8}
		{DF4A3E1A-5DC6-38E3-83E8-21D4C48D680C} = {32048913-26B7-3BC4-A2F0-E8057FDA38C8}
		{9D85972C-EB41-393B-B60B-833D9880BBE1} = {32048913-26B7-3BC4-A2F0-E8057FDA38C8}
		{97BF62C4-05E6-37A1-A733-1F75E256196A} = {32048913-26B7-3BC4-A2F0-E8057FDA38C8}
		{78C7D1B6-DAF1-39EA-AD9F-6EBE3B57A7F7} = {32048913-26B7-3BC4-A2F0-E8057FDA38C8}
		{22FA75CD-DB31-3F57-B3B0-96206450A2C5} = {32048913-26B7-3BC4-A2F0-E8057FDA38C8}
		{AED899DA-E5B5-367E-BC16-51FDFBE128C0} = {32048913-26B7-3BC4-A2F0-E8057FDA38C8}
		{DDBF1551-BD19-34E4-B313-1CBDA23C1DBA} = {32048913-26B7-3BC4-A2F0-E8057FDA38C8}
		{45B8EFBD-D47A-31A7-A3BA-CAADF13D901F} = {876968FD-5CAE-3825-8D9A-0EA3019E1DBD}
		{3EED3497-EAE8-3B77-BFB1-6343341E801E} = {876968FD-5CAE-3825-8D9A-0EA3019E1DBD}
		{7D6FCA37-F267-3866-B588-6028A5FA2CF6} = {876968FD-5CAE-3825-8D9A-0EA3019E1DBD}
		{25BA83AB-E07B-35C4-A9ED-6C162605DB75} = {876968FD-5CAE-3825-8D9A-0EA3019E1DBD}
		{0A1DCAEB-CCF6-3D2D-A274-03DFAA5AACCD} = {876968FD-5CAE-3825-8D9A-0EA3019E1DBD}
		{46577826-A70B-3B46-BB0B-83EC84476321} = {876968FD-5CAE-3825-8D9A-0EA3019E1DBD}
		{17C1DF86-AC45-3AF1-8072-9D491A14A873} = {876968FD-5CAE-3825-8D9A-0EA3019E1DBD}
		{298080DB-1D6B-32E8-8871-2E53888A0243} = {876968FD-5CAE-3825-8D9A-0EA3019E1DBD}
		{69220619-1CB9-3C4D-BC94-F50A5586C8ED} = {876968FD-5CAE-3825-8D9A-0EA3019E1DBD}
		{91C3EE6D-F379-3701-9BC8-9518C0756A77} = {876968FD-5CAE-3825-8D9A-0EA3019E1DBD}
		{F7E9FCF0-1DFE-3139-B7C1-C120F758F71F} = {876968FD-5CAE-3825-8D9A-0EA3019E1DBD}
		{4350F66C-73DD-3357-A37E-F38A4F6326FF} = {876968FD-5CAE-3825-8D9A-0EA3019E1DBD}
		{D28CF623-B9C1-39A9-B371-89A7E3290E50} = {876968FD-5CAE-3825-8D9A-0EA3019E1DBD}
		{02A8AA61-1FF2-3EE3-BBF9-949E1F4AA12E} = {876968FD-5CAE-3825-8D9A-0EA3019E1DBD}
		{AA0A375A-B7A6-3E67-B5AC-570C03FE5A73} = {876968FD-5CAE-3825-8D9A-0EA3019E1DBD}
		{FE4E0CB5-44C9-3D6B-8334-8099A20ABAF0} = {876968FD-5CAE-3825-8D9A-0EA3019E1DBD}
		{98ED4F1D-9631-384A-8A2F-9E5D7F50C4B2} = {876968FD-5CAE-3825-8D9A-0EA3019E1DBD}
		{4FFB596A-0505-33C5-9A72-7427CFD0691C} = {876968FD-5CAE-3825-8D9A-0EA3019E1DBD}
		{0B4BC8FD-9FFD-3FA7-BFA8-77698D128A2C} = {876968FD-5CAE-3825-8D9A-0EA3019E1DBD}
		{205D3D07-EDA2-353F-B00A-DEDCB01138A3} = {876968FD-5CAE-3825-8D9A-0EA3019E1DBD}
	EndGlobalSection
	GlobalSection(ExtensibilityGlobals) = postSolution
		SolutionGuid = {2C724880-1B58-3820-9DA4-1B678B4759A6}
	EndGlobalSection
	GlobalSection(ExtensibilityAddIns) = postSolution
	EndGlobalSection
EndGlobal
